
Microsoft Visual Studio Solution File, Format Version 12.00
# Visual Studio Version 16
VisualStudioVersion = 16.0.30225.117
MinimumVisualStudioVersion = 10.0.40219.1
Project("{9A19103F-16F7-4668-BE54-9A1E7A4F7556}") = "WingtipModels", "WingtipModels.csproj", "{C1F4CF46-41CD-42D4-914A-07933CFB5631}"
EndProject
Global
	GlobalSection(SolutionConfigurationPlatforms) = preSolution
		Debug|Any CPU = Debug|Any CPU
		Release|Any CPU = Release|Any CPU
	EndGlobalSection
	GlobalSection(ProjectConfigurationPlatforms) = postSolution
		{C1F4CF46-41CD-42D4-914A-07933CFB5631}.Debug|Any CPU.ActiveCfg = Debug|Any CPU
		{C1F4CF46-41CD-42D4-914A-07933CFB5631}.Debug|Any CPU.Build.0 = Debug|Any CPU
		{C1F4CF46-41CD-42D4-914A-07933CFB5631}.Release|Any CPU.ActiveCfg = Release|Any CPU
		{C1F4CF46-41CD-42D4-914A-07933CFB5631}.Release|Any CPU.Build.0 = Release|Any CPU
	EndGlobalSection
	GlobalSection(SolutionProperties) = preSolution
		HideSolutionNode = FALSE
	EndGlobalSection
	GlobalSection(ExtensibilityGlobals) = postSolution
		SolutionGuid = {495DCAFC-578F-4E75-9A84-5BE3278EDC98}
	EndGlobalSection
EndGlobal
